
Microsoft Visual Studio Solution File, Format Version 12.00
# Visual Studio Version 17
VisualStudioVersion = 17.1.32421.90
MinimumVisualStudioVersion = 10.0.40219.1
Project("{FAE04EC0-301F-11D3-BF4B-00C04F79EFBC}") = "GWbook", "GWbook\GWbook.csproj", "{7ACE1792-A39D-4B17-BAA3-D44CC8A6FBCF}"
EndProject
Global
	GlobalSection(SolutionConfigurationPlatforms) = preSolution
		Debug|Any CPU = Debug|Any CPU
		Release|Any CPU = Release|Any CPU
	EndGlobalSection
	GlobalSection(ProjectConfigurationPlatforms) = postSolution
		{7ACE1792-A39D-4B17-BAA3-D44CC8A6FBCF}.Debug|Any CPU.ActiveCfg = Debug|Any CPU
		{7ACE1792-A39D-4B17-BAA3-D44CC8A6FBCF}.Debug|Any CPU.Build.0 = Debug|Any CPU
		{7ACE1792-A39D-4B17-BAA3-D44CC8A6FBCF}.Release|Any CPU.ActiveCfg = Release|Any CPU
		{7ACE1792-A39D-4B17-BAA3-D44CC8A6FBCF}.Release|Any CPU.Build.0 = Release|Any CPU
	EndGlobalSection
	GlobalSection(SolutionProperties) = preSolution
		HideSolutionNode = FALSE
	EndGlobalSection
	GlobalSection(ExtensibilityGlobals) = postSolution
		SolutionGuid = {6C554AE7-1CD1-4D7C-A998-223AF92B3275}
	EndGlobalSection
EndGlobal
